// !$*UTF8*$!
{
	archiveVersion = 1;
	classes = {
	};
	objectVersion = 51;
	objects = {

/* Begin PBXBuildFile section */
		5A146E2D21631D3D00E5E414 /* AppDelegate.swift in Sources */ = {isa = PBXBuildFile; fileRef = 5A146E2C21631D3D00E5E414 /* AppDelegate.swift */; };
		5A146E2F21631D3D00E5E414 /* ConcentrationViewController.swift in Sources */ = {isa = PBXBuildFile; fileRef = 5A146E2E21631D3D00E5E414 /* ConcentrationViewController.swift */; };
		5A146E3221631D3D00E5E414 /* Main.storyboard in Resources */ = {isa = PBXBuildFile; fileRef = 5A146E3021631D3D00E5E414 /* Main.storyboard */; };
		5A146E3421631D3D00E5E414 /* Assets.xcassets in Resources */ = {isa = PBXBuildFile; fileRef = 5A146E3321631D3D00E5E414 /* Assets.xcassets */; };
		5A146E3721631D3D00E5E414 /* LaunchScreen.storyboard in Resources */ = {isa = PBXBuildFile; fileRef = 5A146E3521631D3D00E5E414 /* LaunchScreen.storyboard */; };
		5A546406216538F8004C274F /* Concentration.swift in Sources */ = {isa = PBXBuildFile; fileRef = 5A546405216538F8004C274F /* Concentration.swift */; };
		5A546408216539D7004C274F /* Card.swift in Sources */ = {isa = PBXBuildFile; fileRef = 5A546407216539D7004C274F /* Card.swift */; };
		5A77F04921750B03006E92A3 /* ConcentrationThemeChooserViewController.swift in Sources */ = {isa = PBXBuildFile; fileRef = 5A77F04821750B03006E92A3 /* ConcentrationThemeChooserViewController.swift */; };
/* End PBXBuildFile section */

/* Begin PBXFileReference section */
		5A146E2921631D3D00E5E414 /* Concentration.app */ = {isa = PBXFileReference; explicitFileType = wrapper.application; includeInIndex = 0; path = Concentration.app; sourceTree = BUILT_PRODUCTS_DIR; };
		5A146E2C21631D3D00E5E414 /* AppDelegate.swift */ = {isa = PBXFileReference; lastKnownFileType = sourcecode.swift; path = AppDelegate.swift; sourceTree = "<group>"; };
		5A146E2E21631D3D00E5E414 /* ConcentrationViewController.swift */ = {isa = PBXFileReference; lastKnownFileType = sourcecode.swift; path = ConcentrationViewController.swift; sourceTree = "<group>"; };
		5A146E3121631D3D00E5E414 /* Base */ = {isa = PBXFileReference; lastKnownFileType = file.storyboard; name = Base; path = Base.lproj/Main.storyboard; sourceTree = "<group>"; };
		5A146E3321631D3D00E5E414 /* Assets.xcassets */ = {isa = PBXFileReference; lastKnownFileType = folder.assetcatalog; path = Assets.xcassets; sourceTree = "<group>"; };
		5A146E3621631D3D00E5E414 /* Base */ = {isa = PBXFileReference; lastKnownFileType = file.storyboard; name = Base; path = Base.lproj/LaunchScreen.storyboard; sourceTree = "<group>"; };
		5A146E3821631D3D00E5E414 /* Info.plist */ = {isa = PBXFileReference; lastKnownFileType = text.plist.xml; path = Info.plist; sourceTree = "<group>"; };
		5A546405216538F8004C274F /* Concentration.swift */ = {isa = PBXFileReference; lastKnownFileType = sourcecode.swift; path = Concentration.swift; sourceTree = "<group>"; };
		5A546407216539D7004C274F /* Card.swift */ = {isa = PBXFileReference; lastKnownFileType = sourcecode.swift; path = Card.swift; sourceTree = "<group>"; };
		5A77F04821750B03006E92A3 /* ConcentrationThemeChooserViewController.swift */ = {isa = PBXFileReference; lastKnownFileType = sourcecode.swift; path = ConcentrationThemeChooserViewController.swift; sourceTree = "<group>"; };
/* End PBXFileReference section */

/* Begin PBXFrameworksBuildPhase section */
		5A146E2621631D3D00E5E414 /* Frameworks */ = {
			isa = PBXFrameworksBuildPhase;
			buildActionMask = 2147483647;
			files = (
			);
			runOnlyForDeploymentPostprocessing = 0;
		};
/* End PBXFrameworksBuildPhase section */

/* Begin PBXGroup section */
		5A146E2021631D3C00E5E414 = {
			isa = PBXGroup;
			children = (
				5A146E2B21631D3D00E5E414 /* Concentration */,
				5A146E2A21631D3D00E5E414 /* Products */,
			);
			sourceTree = "<group>";
		};
		5A146E2A21631D3D00E5E414 /* Products */ = {
			isa = PBXGroup;
			children = (
				5A146E2921631D3D00E5E414 /* Concentration.app */,
			);
			name = Products;
			sourceTree = "<group>";
		};
		5A146E2B21631D3D00E5E414 /* Concentration */ = {
			isa = PBXGroup;
			children = (
				5A95CC46217352F600B86EB0 /* Controller */,
				5AF3ADD221659A3200C46193 /* Model */,
				5A146E3021631D3D00E5E414 /* Main.storyboard */,
				5A146E3E21631DC300E5E414 /* Supporting Files */,
				5A146E3821631D3D00E5E414 /* Info.plist */,
			);
			path = Concentration;
			sourceTree = "<group>";
		};
		5A146E3E21631DC300E5E414 /* Supporting Files */ = {
			isa = PBXGroup;
			children = (
				5A146E2C21631D3D00E5E414 /* AppDelegate.swift */,
				5A146E3321631D3D00E5E414 /* Assets.xcassets */,
				5A146E3521631D3D00E5E414 /* LaunchScreen.storyboard */,
			);
			path = "Supporting Files";
			sourceTree = "<group>";
		};
		5A95CC46217352F600B86EB0 /* Controller */ = {
			isa = PBXGroup;
			children = (
				5A146E2E21631D3D00E5E414 /* ConcentrationViewController.swift */,
				5A77F04821750B03006E92A3 /* ConcentrationThemeChooserViewController.swift */,
			);
			path = Controller;
			sourceTree = "<group>";
		};
		5AF3ADD221659A3200C46193 /* Model */ = {
			isa = PBXGroup;
			children = (
				5A546405216538F8004C274F /* Concentration.swift */,
				5A546407216539D7004C274F /* Card.swift */,
			);
			path = Model;
			sourceTree = "<group>";
		};
/* End PBXGroup section */

/* Begin PBXNativeTarget section */
		5A146E2821631D3D00E5E414 /* Concentration */ = {
			isa = PBXNativeTarget;
			buildConfigurationList = 5A146E3B21631D3D00E5E414 /* Build configuration list for PBXNativeTarget "Concentration" */;
			buildPhases = (
				5A146E2521631D3D00E5E414 /* Sources */,
				5A146E2621631D3D00E5E414 /* Frameworks */,
				5A146E2721631D3D00E5E414 /* Resources */,
			);
			buildRules = (
			);
			dependencies = (
			);
			name = Concentration;
			productName = Concentration;
			productReference = 5A146E2921631D3D00E5E414 /* Concentration.app */;
			productType = "com.apple.product-type.application";
		};
/* End PBXNativeTarget section */

/* Begin PBXProject section */
		5A146E2121631D3C00E5E414 /* Project object */ = {
			isa = PBXProject;
			attributes = {
				LastSwiftUpdateCheck = 0920;
				LastUpgradeCheck = 1000;
				ORGANIZATIONNAME = "Amir Samir";
				TargetAttributes = {
					5A146E2821631D3D00E5E414 = {
						CreatedOnToolsVersion = 9.2;
						LastSwiftMigration = 1000;
						ProvisioningStyle = Automatic;
					};
				};
			};
			buildConfigurationList = 5A146E2421631D3C00E5E414 /* Build configuration list for PBXProject "Concentration" */;
			compatibilityVersion = "Xcode 10.0";
			developmentRegion = en;
			hasScannedForEncodings = 0;
			knownRegions = (
				en,
				Base,
			);
			mainGroup = 5A146E2021631D3C00E5E414;
			productRefGroup = 5A146E2A21631D3D00E5E414 /* Products */;
			projectDirPath = "";
			projectRoot = "";
			targets = (
				5A146E2821631D3D00E5E414 /* Concentration */,
			);
		};
/* End PBXProject section */

/* Begin PBXResourcesBuildPhase section */
		5A146E2721631D3D00E5E414 /* Resources */ = {
			isa = PBXResourcesBuildPhase;
			buildActionMask = 2147483647;
			files = (
				5A146E3721631D3D00E5E414 /* LaunchScreen.storyboard in Resources */,
				5A146E3421631D3D00E5E414 /* Assets.xcassets in Resources */,
				5A146E3221631D3D00E5E414 /* Main.storyboard in Resources */,
			);
			runOnlyForDeploymentPostprocessing = 0;
		};
/* End PBXResourcesBuildPhase section */

/* Begin PBXSourcesBuildPhase section */
		5A146E2521631D3D00E5E414 /* Sources */ = {
			isa = PBXSourcesBuildPhase;
			buildActionMask = 2147483647;
			files = (
				5A77F04921750B03006E92A3 /* ConcentrationThemeChooserViewController.swift in Sources */,
				5A146E2F21631D3D00E5E414 /* ConcentrationViewController.swift in Sources */,
				5A146E2D21631D3D00E5E414 /* AppDelegate.swift in Sources */,
				5A546406216538F8004C274F /* Concentration.swift in Sources */,
				5A546408216539D7004C274F /* Card.swift in Sources */,
			);
			runOnlyForDeploymentPostprocessing = 0;
		};
/* End PBXSourcesBuildPhase section */

/* Begin PBXVariantGroup section */
		5A146E3021631D3D00E5E414 /* Main.storyboard */ = {
			isa = PBXVariantGroup;
			children = (
				5A146E3121631D3D00E5E414 /* Base */,
			);
			name = Main.storyboard;
			sourceTree = "<group>";
		};
		5A146E3521631D3D00E5E414 /* LaunchScreen.storyboard */ = {
			isa = PBXVariantGroup;
			children = (
				5A146E3621631D3D00E5E414 /* Base */,
			);
			name = LaunchScreen.storyboard;
			sourceTree = "<group>";
		};
/* End PBXVariantGroup section */

/* Begin XCBuildConfiguration section */
		5A146E3921631D3D00E5E414 /* Debug */ = {
			isa = XCBuildConfiguration;
			buildSettings = {
				ALWAYS_SEARCH_USER_PATHS = NO;
				CLANG_ANALYZER_NONNULL = YES;
				CLANG_ANALYZER_NUMBER_OBJECT_CONVERSION = YES_AGGRESSIVE;
				CLANG_CXX_LANGUAGE_STANDARD = "gnu++14";
				CLANG_CXX_LIBRARY = "libc++";
				CLANG_ENABLE_MODULES = YES;
				CLANG_ENABLE_OBJC_ARC = YES;
				CLANG_WARN_BLOCK_CAPTURE_AUTORELEASING = YES;
				CLANG_WARN_BOOL_CONVERSION = YES;
				CLANG_WARN_COMMA = YES;
				CLANG_WARN_CONSTANT_CONVERSION = YES;
				CLANG_WARN_DEPRECATED_OBJC_IMPLEMENTATIONS = YES;
				CLANG_WARN_DIRECT_OBJC_ISA_USAGE = YES_ERROR;
				CLANG_WARN_DOCUMENTATION_COMMENTS = YES;
				CLANG_WARN_EMPTY_BODY = YES;
				CLANG_WARN_ENUM_CONVERSION = YES;
				CLANG_WARN_INFINITE_RECURSION = YES;
				CLANG_WARN_INT_CONVERSION = YES;
				CLANG_WARN_NON_LITERAL_NULL_CONVERSION = YES;
				CLANG_WARN_OBJC_IMPLICIT_RETAIN_SELF = YES;
				CLANG_WARN_OBJC_LITERAL_CONVERSION = YES;
				CLANG_WARN_OBJC_ROOT_CLASS = YES_ERROR;
				CLANG_WARN_RANGE_LOOP_ANALYSIS = YES;
				CLANG_WARN_STRICT_PROTOTYPES = YES;
				CLANG_WARN_SUSPICIOUS_MOVE = YES;
				CLANG_WARN_UNGUARDED_AVAILABILITY = YES_AGGRESSIVE;
				CLANG_WARN_UNREACHABLE_CODE = YES;
				CLANG_WARN__DUPLICATE_METHOD_MATCH = YES;
				CODE_SIGN_IDENTITY = "iPhone Developer";
				COPY_PHASE_STRIP = NO;
				DEBUG_INFORMATION_FORMAT = dwarf;
				ENABLE_STRICT_OBJC_MSGSEND = YES;
				ENABLE_TESTABILITY = YES;
				GCC_C_LANGUAGE_STANDARD = gnu11;
				GCC_DYNAMIC_NO_PIC = NO;
				GCC_NO_COMMON_BLOCKS = YES;
				GCC_OPTIMIZATION_LEVEL = 0;
				GCC_PREPROCESSOR_DEFINITIONS = (
					"DEBUG=1",
					"$(inherited)",
				);
				GCC_WARN_64_TO_32_BIT_CONVERSION = YES;
				GCC_WARN_ABOUT_RETURN_TYPE = YES_ERROR;
				GCC_WARN_UNDECLARED_SELECTOR = YES;
				GCC_WARN_UNINITIALIZED_AUTOS = YES_AGGRESSIVE;
				GCC_WARN_UNUSED_FUNCTION = YES;
				GCC_WARN_UNUSED_VARIABLE = YES;
				IPHONEOS_DEPLOYMENT_TARGET = 12.0;
				MTL_ENABLE_DEBUG_INFO = YES;
				ONLY_ACTIVE_ARCH = YES;
				SDKROOT = iphoneos;
				SWIFT_ACTIVE_COMPILATION_CONDITIONS = DEBUG;
				SWIFT_OPTIMIZATION_LEVEL = "-Onone";
			};
			name = Debug;
		};
		5A146E3A21631D3D00E5E414 /* Release */ = {
			isa = XCBuildConfiguration;
			buildSettings = {
				ALWAYS_SEARCH_USER_PATHS = NO;
				CLANG_ANALYZER_NONNULL = YES;
				CLANG_ANALYZER_NUMBER_OBJECT_CONVERSION = YES_AGGRESSIVE;
				CLANG_CXX_LANGUAGE_STANDARD = "gnu++14";
				CLANG_CXX_LIBRARY = "libc++";
				CLANG_ENABLE_MODULES = YES;
				CLANG_ENABLE_OBJC_ARC = YES;
				CLANG_WARN_BLOCK_CAPTURE_AUTORELEASING = YES;
				CLANG_WARN_BOOL_CONVERSION = YES;
				CLANG_WARN_COMMA = YES;
				CLANG_WARN_CONSTANT_CONVERSION = YES;
				CLANG_WARN_DEPRECATED_OBJC_IMPLEMENTATIONS = YES;
				CLANG_WARN_DIRECT_OBJC_ISA_USAGE = YES_ERROR;
				CLANG_WARN_DOCUMENTATION_COMMENTS = YES;
				CLANG_WARN_EMPTY_BODY = YES;
				CLANG_WARN_ENUM_CONVERSION = YES;
				CLANG_WARN_INFINITE_RECURSION = YES;
				CLANG_WARN_INT_CONVERSION = YES;
				CLANG_WARN_NON_LITERAL_NULL_CONVERSION = YES;
				CLANG_WARN_OBJC_IMPLICIT_RETAIN_SELF = YES;
				CLANG_WARN_OBJC_LITERAL_CONVERSION = YES;
				CLANG_WARN_OBJC_ROOT_CLASS = YES_ERROR;
				CLANG_WARN_RANGE_LOOP_ANALYSIS = YES;
				CLANG_WARN_STRICT_PROTOTYPES = YES;
				CLANG_WARN_SUSPICIOUS_MOVE = YES;
				CLANG_WARN_UNGUARDED_AVAILABILITY = YES_AGGRESSIVE;
				CLANG_WARN_UNREACHABLE_CODE = YES;
				CLANG_WARN__DUPLICATE_METHOD_MATCH = YES;
				CODE_SIGN_IDENTITY = "iPhone Developer";
				COPY_PHASE_STRIP = NO;
				DEBUG_INFORMATION_FORMAT = "dwarf-with-dsym";
				ENABLE_NS_ASSERTIONS = NO;
				ENABLE_STRICT_OBJC_MSGSEND = YES;
				GCC_C_LANGUAGE_STANDARD = gnu11;
				GCC_NO_COMMON_BLOCKS = YES;
				GCC_WARN_64_TO_32_BIT_CONVERSION = YES;
				GCC_WARN_ABOUT_RETURN_TYPE = YES_ERROR;
				GCC_WARN_UNDECLARED_SELECTOR = YES;
				GCC_WARN_UNINITIALIZED_AUTOS = YES_AGGRESSIVE;
				GCC_WARN_UNUSED_FUNCTION = YES;
				GCC_WARN_UNUSED_VARIABLE = YES;
				IPHONEOS_DEPLOYMENT_TARGET = 12.0;
				MTL_ENABLE_DEBUG_INFO = NO;
				SDKROOT = iphoneos;
				SWIFT_COMPILATION_MODE = wholemodule;
				SWIFT_OPTIMIZATION_LEVEL = "-O";
				VALIDATE_PRODUCT = YES;
			};
			name = Release;
		};
		5A146E3C21631D3D00E5E414 /* Debug */ = {
			isa = XCBuildConfiguration;
			buildSettings = {
				ASSETCATALOG_COMPILER_APPICON_NAME = AppIcon;
				CODE_SIGN_STYLE = Automatic;
				DEVELOPMENT_TEAM = V3R3H9N6S6;
				INFOPLIST_FILE = Concentration/Info.plist;
				LD_RUNPATH_SEARCH_PATHS = (
					"$(inherited)",
					"@executable_path/Frameworks",
				);
				PRODUCT_BUNDLE_IDENTIFIER = Miroz007.Concentration;
				PRODUCT_NAME = "$(TARGET_NAME)";
				SWIFT_VERSION = 4.2;
				TARGETED_DEVICE_FAMILY = "1,2";
			};
			name = Debug;
		};
		5A146E3D21631D3D00E5E414 /* Release */ = {
			isa = XCBuildConfiguration;
			buildSettings = {
				ASSETCATALOG_COMPILER_APPICON_NAME = AppIcon;
				CODE_SIGN_STYLE = Automatic;
				DEVELOPMENT_TEAM = V3R3H9N6S6;
				INFOPLIST_FILE = Concentration/Info.plist;
				LD_RUNPATH_SEARCH_PATHS = (
					"$(inherited)",
					"@executable_path/Frameworks",
				);
				PRODUCT_BUNDLE_IDENTIFIER = Miroz007.Concentration;
				PRODUCT_NAME = "$(TARGET_NAME)";
				SWIFT_VERSION = 4.2;
				TARGETED_DEVICE_FAMILY = "1,2";
			};
			name = Release;
		};
/* End XCBuildConfiguration section */

/* Begin XCConfigurationList section */
		5A146E2421631D3C00E5E414 /* Build configuration list for PBXProject "Concentration" */ = {
			isa = XCConfigurationList;
			buildConfigurations = (
				5A146E3921631D3D00E5E414 /* Debug */,
				5A146E3A21631D3D00E5E414 /* Release */,
			);
			defaultConfigurationIsVisible = 0;
			defaultConfigurationName = Release;
		};
		5A146E3B21631D3D00E5E414 /* Build configuration list for PBXNativeTarget "Concentration" */ = {
			isa = XCConfigurationList;
			buildConfigurations = (
				5A146E3C21631D3D00E5E414 /* Debug */,
				5A146E3D21631D3D00E5E414 /* Release */,
			);
			defaultConfigurationIsVisible = 0;
			defaultConfigurationName = Release;
		};
/* End XCConfigurationList section */
	};
	rootObject = 5A146E2121631D3C00E5E414 /* Project object */;
}
